Microsoft Visual Studio Solution File, Format Version 12.00
# Visual Studio Version 17
VisualStudioVersion = 17.0.31903.59
MinimumVisualStudioVersion = 10.0.40219.1
Project("{FAE04EC0-301F-11D3-BF4B-00C04F79EFBC}") = "CalculatorApp", "CalculatorApp.csproj", "{8CDD8387-B905-44A8-B5D5-07BB50E05D7F}"
EndProject
Global
	GlobalSection(SolutionConfigurationPlatforms) = preSolution
		Debug|Any CPU = Debug|Any CPU
		Release|Any CPU = Release|Any CPU
	EndGlobalSection
	GlobalSection(ProjectConfigurationPlatforms) = postSolution
		{8CDD8387-B905-44A8-B5D5-07BB50E05D7F}.Debug|Any CPU.ActiveCfg = Debug|Any CPU
		{8CDD8387-B905-44A8-B5D5-07BB50E05D7F}.Debug|Any CPU.Build.0 = Debug|Any CPU
		{8CDD8387-B905-44A8-B5D5-07BB50E05D7F}.Release|Any CPU.ActiveCfg = Release|Any CPU
		{8CDD8387-B905-44A8-B5D5-07BB50E05D7F}.Release|Any CPU.Build.0 = Release|Any CPU
	EndGlobalSection
	GlobalSection(SolutionProperties) = preSolution
		HideSolutionNode = FALSE
	EndGlobalSection
EndGlobal
